
Microsoft Visual Studio Solution File, Format Version 12.00
# Visual Studio 2013
VisualStudioVersion = 12.0.31101.0
MinimumVisualStudioVersion = 10.0.40219.1
Project("{FAE04EC0-301F-11D3-BF4B-00C04F79EFBC}") = "_bla", "_bla\_bla.csproj", "{A5077434-E1EC-4F55-927E-B0F2EF6FCD77}"
EndProject
Global
	GlobalSection(SolutionConfigurationPlatforms) = preSolution
		Debug|Any CPU = Debug|Any CPU
		Release|Any CPU = Release|Any CPU
	EndGlobalSection
	GlobalSection(ProjectConfigurationPlatforms) = postSolution
		{A5077434-E1EC-4F55-927E-B0F2EF6FCD77}.Debug|Any CPU.ActiveCfg = Debug|Any CPU
		{A5077434-E1EC-4F55-927E-B0F2EF6FCD77}.Debug|Any CPU.Build.0 = Debug|Any CPU
		{A5077434-E1EC-4F55-927E-B0F2EF6FCD77}.Release|Any CPU.ActiveCfg = Release|Any CPU
		{A5077434-E1EC-4F55-927E-B0F2EF6FCD77}.Release|Any CPU.Build.0 = Release|Any CPU
	EndGlobalSection
	GlobalSection(SolutionProperties) = preSolution
		HideSolutionNode = FALSE
	EndGlobalSection
EndGlobal
